
Microsoft Visual Studio Solution File, Format Version 12.00
# Visual Studio Version 16
VisualStudioVersion = 16.0.30114.105
MinimumVisualStudioVersion = 10.0.40219.1
Project("{FAE04EC0-301F-11D3-BF4B-00C04F79EFBC}") = "Dominio", "Dominio.csproj", "{0D69E3B8-4AAC-4583-ACA7-CE1F0BEF18D5}"
EndProject
Global
	GlobalSection(SolutionConfigurationPlatforms) = preSolution
		Debug|Any CPU = Debug|Any CPU
		Release|Any CPU = Release|Any CPU
	EndGlobalSection
	GlobalSection(ProjectConfigurationPlatforms) = postSolution
		{0D69E3B8-4AAC-4583-ACA7-CE1F0BEF18D5}.Debug|Any CPU.ActiveCfg = Debug|Any CPU
		{0D69E3B8-4AAC-4583-ACA7-CE1F0BEF18D5}.Debug|Any CPU.Build.0 = Debug|Any CPU
		{0D69E3B8-4AAC-4583-ACA7-CE1F0BEF18D5}.Release|Any CPU.ActiveCfg = Release|Any CPU
		{0D69E3B8-4AAC-4583-ACA7-CE1F0BEF18D5}.Release|Any CPU.Build.0 = Release|Any CPU
	EndGlobalSection
	GlobalSection(SolutionProperties) = preSolution
		HideSolutionNode = FALSE
	EndGlobalSection
	GlobalSection(ExtensibilityGlobals) = postSolution
		SolutionGuid = {50735E3D-D02A-4794-9C8A-54CABA198C73}
	EndGlobalSection
EndGlobal
